
Microsoft Visual Studio Solution File, Format Version 12.00
# Visual Studio 15
VisualStudioVersion = 15.0.28010.2041
MinimumVisualStudioVersion = 10.0.40219.1
Project("{FAE04EC0-301F-11D3-BF4B-00C04F79EFBC}") = "MOB", "MOB\MOB.csproj", "{7D72EC34-F8B8-436D-8E41-8CBCA6266CA4}"
EndProject
Global
	GlobalSection(SolutionConfigurationPlatforms) = preSolution
		Debug|Any CPU = Debug|Any CPU
		Release|Any CPU = Release|Any CPU
	EndGlobalSection
	GlobalSection(ProjectConfigurationPlatforms) = postSolution
		{7D72EC34-F8B8-436D-8E41-8CBCA6266CA4}.Debug|Any CPU.ActiveCfg = Debug|Any CPU
		{7D72EC34-F8B8-436D-8E41-8CBCA6266CA4}.Debug|Any CPU.Build.0 = Debug|Any CPU
		{7D72EC34-F8B8-436D-8E41-8CBCA6266CA4}.Release|Any CPU.ActiveCfg = Release|Any CPU
		{7D72EC34-F8B8-436D-8E41-8CBCA6266CA4}.Release|Any CPU.Build.0 = Release|Any CPU
	EndGlobalSection
	GlobalSection(SolutionProperties) = preSolution
		HideSolutionNode = FALSE
	EndGlobalSection
	GlobalSection(ExtensibilityGlobals) = postSolution
		SolutionGuid = {DE8A6057-A636-4C28-A8B2-A85533CA0AE4}
	EndGlobalSection
EndGlobal
